
Microsoft Visual Studio Solution File, Format Version 12.00
# Visual Studio Version 17
VisualStudioVersion = 17.14.36717.8
MinimumVisualStudioVersion = 10.0.40219.1
Project("{FAE04EC0-301F-11D3-BF4B-00C04F79EFBC}") = "Zoologico.modelo", "Zoologico.modelo\Zoologico.modelo.csproj", "{3FB4FE07-8237-435F-AE7C-56AE692F13B1}"
EndProject
Project("{FAE04EC0-301F-11D3-BF4B-00C04F79EFBC}") = "Zoologico.Api", "Zoologico.Api\Zoologico.Api.csproj", "{0CAD77A7-9787-4D85-A332-9807FFDD674B}"
EndProject
Project("{FAE04EC0-301F-11D3-BF4B-00C04F79EFBC}") = "zoologico.APiTEst", "zoologico.APiTEst\zoologico.APiTEst.csproj", "{77DEF6F7-18C3-49C4-9A0A-5A129463F64C}"
EndProject
Global
	GlobalSection(SolutionConfigurationPlatforms) = preSolution
		Debug|Any CPU = Debug|Any CPU
		Release|Any CPU = Release|Any CPU
	EndGlobalSection
	GlobalSection(ProjectConfigurationPlatforms) = postSolution
		{3FB4FE07-8237-435F-AE7C-56AE692F13B1}.Debug|Any CPU.ActiveCfg = Debug|Any CPU
		{3FB4FE07-8237-435F-AE7C-56AE692F13B1}.Debug|Any CPU.Build.0 = Debug|Any CPU
		{3FB4FE07-8237-435F-AE7C-56AE692F13B1}.Release|Any CPU.ActiveCfg = Release|Any CPU
		{3FB4FE07-8237-435F-AE7C-56AE692F13B1}.Release|Any CPU.Build.0 = Release|Any CPU
		{0CAD77A7-9787-4D85-A332-9807FFDD674B}.Debug|Any CPU.ActiveCfg = Debug|Any CPU
		{0CAD77A7-9787-4D85-A332-9807FFDD674B}.Debug|Any CPU.Build.0 = Debug|Any CPU
		{0CAD77A7-9787-4D85-A332-9807FFDD674B}.Release|Any CPU.ActiveCfg = Release|Any CPU
		{0CAD77A7-9787-4D85-A332-9807FFDD674B}.Release|Any CPU.Build.0 = Release|Any CPU
		{77DEF6F7-18C3-49C4-9A0A-5A129463F64C}.Debug|Any CPU.ActiveCfg = Debug|Any CPU
		{77DEF6F7-18C3-49C4-9A0A-5A129463F64C}.Debug|Any CPU.Build.0 = Debug|Any CPU
		{77DEF6F7-18C3-49C4-9A0A-5A129463F64C}.Release|Any CPU.ActiveCfg = Release|Any CPU
		{77DEF6F7-18C3-49C4-9A0A-5A129463F64C}.Release|Any CPU.Build.0 = Release|Any CPU
	EndGlobalSection
	GlobalSection(SolutionProperties) = preSolution
		HideSolutionNode = FALSE
	EndGlobalSection
	GlobalSection(ExtensibilityGlobals) = postSolution
		SolutionGuid = {F43DAC1E-29E4-474E-82F9-432E30D2BECB}
	EndGlobalSection
EndGlobal
